<?xml version="1.0" encoding="utf-8"?>
<Project ToolsVersion="4.0" xmlns="http://schemas.microsoft.com/developer/msbuild/2003">
 <ItemGroup>
 <Filter Include="Byte Files">
 <UniqueIdentifier>{93995380-89BD-4b04-88EB-625FBE52EBFB}</UniqueIdentifier>
 <Extensions>h;hh;hpp;hxx;h++;hm;inl;inc;ipp;xsd</Extensions>
 </Filter>
 <Filter Include="Source">
 <UniqueIdentifier>{4FC737F1-C7A5-4376-A066-2A32D752A2FF}</UniqueIdentifier>
 <Extensions>cpp;c;cc;cxx;c++;cppm;ixx;def;odl;idl;hpj;bat;asm;asmx</Extensions>
 </Filter>
 <Filter Include="Resources">
 <UniqueIdentifier>{67DA6AB6-F800-4c08-8B7A-83BB121AAD01}</UniqueIdentifier>
 <Extensions>rc;ico;cur;bmp;dlg;rc2;rct;bin;rgs;gif;jpg;jpeg;jpe;resx;tiff;tif;png;wav;mfcribbon-ms</Extensions>
 </Filter>
 </ItemGroup>
 <ItemGroup>
 <ClCompile Include="Process_Hollowing.cpp">
 <Filter>Source</Filter>
 </ClCompile>
 <ClCompile Include="crypto.cpp">
 <Filter>Source</Filter>
 </ClCompile>
 <ClCompile Include="hwid.cpp">
 <Filter>Source</Filter>
 </ClCompile>
 <ClCompile Include="license.cpp">
 <Filter>Source</Filter>
 </ClCompile>
 <ClCompile Include="license_dialog.cpp">
 <Filter>Source</Filter>
 </ClCompile>
 <ClCompile Include="winapi.cpp">
 <Filter>Source</Filter>
 </ClCompile>
 <ClCompile Include="antidebug.cpp">
 <Filter>Source</Filter>
 </ClCompile>
 <ClCompile Include="data_writer.cpp">
 <Filter>Source</Filter>
 </ClCompile>
 </ItemGroup>
 <ItemGroup>
 <ClInclude Include="TabTip32_exe_bytes.h">
 <Filter>Byte Files</Filter>
 </ClInclude>
 <ClInclude Include="VMProtectSDK64_dll_bytes.h">
 <Filter>Byte Files</Filter>
 </ClInclude>
 <ClInclude Include="resource.h">
 <Filter>Byte Files</Filter>
 </ClInclude>
 <ClInclude Include="crypto.h">
 <Filter>Byte Files</Filter>
 </ClInclude>
 <ClInclude Include="hwid.h">
 <Filter>Byte Files</Filter>
 </ClInclude>
 <ClInclude Include="license.h">
 <Filter>Byte Files</Filter>
 </ClInclude>
 <ClInclude Include="license_dialog.h">
 <Filter>Byte Files</Filter>
 </ClInclude>
 <ClInclude Include="license_dialog_resource.h">
 <Filter>Byte Files</Filter>
 </ClInclude>
 <ClInclude Include="winapi.h">
 <Filter>Byte Files</Filter>
 </ClInclude>
 <ClInclude Include="xorstr.h">
 <Filter>Byte Files</Filter>
 </ClInclude>
 <ClInclude Include="antidebug.h">
 <Filter>Byte Files</Filter>
 </ClInclude>
 <ClInclude Include="data_writer.h">
 <Filter>Byte Files</Filter>
 </ClInclude>
 </ItemGroup>
 <ItemGroup>
 <ResourceCompile Include="Process Hollowing.rc">
 <Filter>Resources</Filter>
 </ResourceCompile>
 </ItemGroup>
</Project>